
Microsoft Visual Studio Solution File, Format Version 12.00
# Visual Studio 15
VisualStudioVersion = 15.0.26730.10
MinimumVisualStudioVersion = 10.0.40219.1
Project("{FAE04EC0-301F-11D3-BF4B-00C04F79EFBC}") = "TincControl", "TincControl\TincControl.csproj", "{9FF30295-7B14-44B2-9A17-1516DBC95DFF}"
EndProject
Global
	GlobalSection(SolutionConfigurationPlatforms) = preSolution
		Debug|Any CPU = Debug|Any CPU
		Release|Any CPU = Release|Any CPU
	EndGlobalSection
	GlobalSection(ProjectConfigurationPlatforms) = postSolution
		{9FF30295-7B14-44B2-9A17-1516DBC95DFF}.Debug|Any CPU.ActiveCfg = Debug|Any CPU
		{9FF30295-7B14-44B2-9A17-1516DBC95DFF}.Debug|Any CPU.Build.0 = Debug|Any CPU
		{9FF30295-7B14-44B2-9A17-1516DBC95DFF}.Release|Any CPU.ActiveCfg = Release|Any CPU
		{9FF30295-7B14-44B2-9A17-1516DBC95DFF}.Release|Any CPU.Build.0 = Release|Any CPU
	EndGlobalSection
	GlobalSection(SolutionProperties) = preSolution
		HideSolutionNode = FALSE
	EndGlobalSection
	GlobalSection(ExtensibilityGlobals) = postSolution
		SolutionGuid = {EA1E6423-C08E-45B1-8049-FB7D92E0481E}
	EndGlobalSection
EndGlobal
